
Microsoft Visual Studio Solution File, Format Version 12.00
# Visual Studio Version 17
VisualStudioVersion = 17.2.32602.215
MinimumVisualStudioVersion = 10.0.40219.1
Project("{9A19103F-16F7-4668-BE54-9A1E7A4F7556}") = "API", "API\API.csproj", "{9D166EEC-7849-4D42-871B-B28B2DE92120}"
EndProject
Project("{9A19103F-16F7-4668-BE54-9A1E7A4F7556}") = "BusinessLayer", "BusinessLayer\BusinessLayer.csproj", "{C084C7B1-D586-4D90-B7B6-C9CDB47BDE2A}"
EndProject
Project("{9A19103F-16F7-4668-BE54-9A1E7A4F7556}") = "Core", "Core\Core.csproj", "{8DE9ABDB-3E26-4F09-8D7A-6C501340E995}"
EndProject
Project("{9A19103F-16F7-4668-BE54-9A1E7A4F7556}") = "RepositoryLayer", "RepositoryLayer\RepositoryLayer.csproj", "{05C25316-DEDB-4A8B-ACF9-9AC5C21009CD}"
EndProject
Project("{9A19103F-16F7-4668-BE54-9A1E7A4F7556}") = "ServiceClientLayer", "ServiceClientLayer\ServiceClientLayer.csproj", "{4321E0E9-2843-4B57-BFBB-CF447FC6CAC7}"
EndProject
Project("{9A19103F-16F7-4668-BE54-9A1E7A4F7556}") = "UnitTests", "UnitTests\UnitTests.csproj", "{1984CD05-18BD-443C-9820-4DBDDBFD175C}"
EndProject
Project("{9A19103F-16F7-4668-BE54-9A1E7A4F7556}") = "AzureFunctions", "AzureFunctions\AzureFunctions.csproj", "{C66D562F-08A6-4251-8D71-2AF4F7306F93}"
EndProject
Global
	GlobalSection(SolutionConfigurationPlatforms) = preSolution
		Debug|Any CPU = Debug|Any CPU
		Release|Any CPU = Release|Any CPU
	EndGlobalSection
	GlobalSection(ProjectConfigurationPlatforms) = postSolution
		{9D166EEC-7849-4D42-871B-B28B2DE92120}.Debug|Any CPU.ActiveCfg = Debug|Any CPU
		{9D166EEC-7849-4D42-871B-B28B2DE92120}.Debug|Any CPU.Build.0 = Debug|Any CPU
		{9D166EEC-7849-4D42-871B-B28B2DE92120}.Release|Any CPU.ActiveCfg = Release|Any CPU
		{9D166EEC-7849-4D42-871B-B28B2DE92120}.Release|Any CPU.Build.0 = Release|Any CPU
		{C084C7B1-D586-4D90-B7B6-C9CDB47BDE2A}.Debug|Any CPU.ActiveCfg = Debug|Any CPU
		{C084C7B1-D586-4D90-B7B6-C9CDB47BDE2A}.Debug|Any CPU.Build.0 = Debug|Any CPU
		{C084C7B1-D586-4D90-B7B6-C9CDB47BDE2A}.Release|Any CPU.ActiveCfg = Release|Any CPU
		{C084C7B1-D586-4D90-B7B6-C9CDB47BDE2A}.Release|Any CPU.Build.0 = Release|Any CPU
		{8DE9ABDB-3E26-4F09-8D7A-6C501340E995}.Debug|Any CPU.ActiveCfg = Debug|Any CPU
		{8DE9ABDB-3E26-4F09-8D7A-6C501340E995}.Debug|Any CPU.Build.0 = Debug|Any CPU
		{8DE9ABDB-3E26-4F09-8D7A-6C501340E995}.Release|Any CPU.ActiveCfg = Release|Any CPU
		{8DE9ABDB-3E26-4F09-8D7A-6C501340E995}.Release|Any CPU.Build.0 = Release|Any CPU
		{05C25316-DEDB-4A8B-ACF9-9AC5C21009CD}.Debug|Any CPU.ActiveCfg = Debug|Any CPU
		{05C25316-DEDB-4A8B-ACF9-9AC5C21009CD}.Debug|Any CPU.Build.0 = Debug|Any CPU
		{05C25316-DEDB-4A8B-ACF9-9AC5C21009CD}.Release|Any CPU.ActiveCfg = Release|Any CPU
		{05C25316-DEDB-4A8B-ACF9-9AC5C21009CD}.Release|Any CPU.Build.0 = Release|Any CPU
		{4321E0E9-2843-4B57-BFBB-CF447FC6CAC7}.Debug|Any CPU.ActiveCfg = Debug|Any CPU
		{4321E0E9-2843-4B57-BFBB-CF447FC6CAC7}.Debug|Any CPU.Build.0 = Debug|Any CPU
		{4321E0E9-2843-4B57-BFBB-CF447FC6CAC7}.Release|Any CPU.ActiveCfg = Release|Any CPU
		{4321E0E9-2843-4B57-BFBB-CF447FC6CAC7}.Release|Any CPU.Build.0 = Release|Any CPU
		{1984CD05-18BD-443C-9820-4DBDDBFD175C}.Debug|Any CPU.ActiveCfg = Debug|Any CPU
		{1984CD05-18BD-443C-9820-4DBDDBFD175C}.Debug|Any CPU.Build.0 = Debug|Any CPU
		{1984CD05-18BD-443C-9820-4DBDDBFD175C}.Release|Any CPU.ActiveCfg = Release|Any CPU
		{1984CD05-18BD-443C-9820-4DBDDBFD175C}.Release|Any CPU.Build.0 = Release|Any CPU
		{C66D562F-08A6-4251-8D71-2AF4F7306F93}.Debug|Any CPU.ActiveCfg = Debug|Any CPU
		{C66D562F-08A6-4251-8D71-2AF4F7306F93}.Debug|Any CPU.Build.0 = Debug|Any CPU
		{C66D562F-08A6-4251-8D71-2AF4F7306F93}.Release|Any CPU.ActiveCfg = Release|Any CPU
		{C66D562F-08A6-4251-8D71-2AF4F7306F93}.Release|Any CPU.Build.0 = Release|Any CPU
	EndGlobalSection
	GlobalSection(SolutionProperties) = preSolution
		HideSolutionNode = FALSE
	EndGlobalSection
	GlobalSection(ExtensibilityGlobals) = postSolution
		SolutionGuid = {1F42BC86-11FF-4E73-8BFE-BC3A28557ECA}
	EndGlobalSection
EndGlobal
