{
  "version": 4,
  "terraform_version": "1.2.5",
  "serial": 37,
  "lineage": "247b7cc5-b00f-023d-33cc-fa6683338521",
  "outputs": {
    "terraform_state_resource_group_name": {
      "value": "testinc-tfstate-rg",
      "type": "string"
    },
    "terraform_state_storage_account": {
      "value": "testinctfo9pooooz",
      "type": "string"
    },
    "terraform_state_storage_container_core": {
      "value": "core-tfstate",
      "type": "string"
    }
  },
  "resources": [
    {
      "mode": "managed",
      "type": "azurerm_resource_group",
      "name": "dev",
      "provider": "provider[\"registry.terraform.io/hashicorp/azurerm\"]",
      "instances": [
        {
          "schema_version": 0,
          "attributes": {
            "id": "/subscriptions/11cbddd0-a84b-45c3-b049-721a1be2e7e0/resourceGroups/development-rg",
            "location": "northeurope",
            "name": "development-rg",
            "tags": {},
            "timeouts": null
          },
          "sensitive_attributes": [],
          "private": "eyJlMmJmYjczMC1lY2FhLTExZTYtOGY4OC0zNDM2M2JjN2M0YzAiOnsiY3JlYXRlIjo1NDAwMDAwMDAwMDAwLCJkZWxldGUiOjU0MDAwMDAwMDAwMDAsInJlYWQiOjMwMDAwMDAwMDAwMCwidXBkYXRlIjo1NDAwMDAwMDAwMDAwfX0="
        }
      ]
    },
    {
      "mode": "managed",
      "type": "azurerm_resource_group",
      "name": "tfstate",
      "provider": "provider[\"registry.terraform.io/hashicorp/azurerm\"]",
      "instances": [
        {
          "schema_version": 0,
          "attributes": {
            "id": "/subscriptions/11cbddd0-a84b-45c3-b049-721a1be2e7e0/resourceGroups/testinc-tfstate-rg",
            "location": "northeurope",
            "name": "testinc-tfstate-rg",
            "tags": {
              "environment": "Development"
            },
            "timeouts": null
          },
          "sensitive_attributes": [],
          "private": "eyJlMmJmYjczMC1lY2FhLTExZTYtOGY4OC0zNDM2M2JjN2M0YzAiOnsiY3JlYXRlIjo1NDAwMDAwMDAwMDAwLCJkZWxldGUiOjU0MDAwMDAwMDAwMDAsInJlYWQiOjMwMDAwMDAwMDAwMCwidXBkYXRlIjo1NDAwMDAwMDAwMDAwfX0="
        }
      ]
    },
    {
      "mode": "managed",
      "type": "azurerm_service_plan",
      "name": "dev",
      "provider": "provider[\"registry.terraform.io/hashicorp/azurerm\"]",
      "instances": [
        {
          "schema_version": 0,
          "attributes": {
            "app_service_environment_id": "",
            "id": "/subscriptions/11cbddd0-a84b-45c3-b049-721a1be2e7e0/resourceGroups/development-rg/providers/Microsoft.Web/serverfarms/development-sp",
            "kind": "app",
            "location": "northeurope",
            "maximum_elastic_worker_count": 1,
            "name": "development-sp",
            "os_type": "Windows",
            "per_site_scaling_enabled": false,
            "reserved": false,
            "resource_group_name": "development-rg",
            "sku_name": "F1",
            "tags": {},
            "timeouts": null,
            "worker_count": 0,
            "zone_balancing_enabled": false
          },
          "sensitive_attributes": [],
          "private": "eyJlMmJmYjczMC1lY2FhLTExZTYtOGY4OC0zNDM2M2JjN2M0YzAiOnsiY3JlYXRlIjozNjAwMDAwMDAwMDAwLCJkZWxldGUiOjM2MDAwMDAwMDAwMDAsInJlYWQiOjMwMDAwMDAwMDAwMCwidXBkYXRlIjozNjAwMDAwMDAwMDAwfX0=",
          "dependencies": [
            "azurerm_resource_group.dev"
          ]
        }
      ]
    },
    {
      "mode": "managed",
      "type": "azurerm_storage_account",
      "name": "tfstate",
      "provider": "provider[\"registry.terraform.io/hashicorp/azurerm\"]",
      "instances": [
        {
          "schema_version": 3,
          "attributes": {
            "access_tier": "Hot",
            "account_kind": "StorageV2",
            "account_replication_type": "ZRS",
            "account_tier": "Standard",
            "allow_nested_items_to_be_public": true,
            "azure_files_authentication": [],
            "blob_properties": [
              {
                "change_feed_enabled": false,
                "change_feed_retention_in_days": 0,
                "container_delete_retention_policy": [],
                "cors_rule": [],
                "default_service_version": "",
                "delete_retention_policy": [],
                "last_access_time_enabled": false,
                "versioning_enabled": false
              }
            ],
            "cross_tenant_replication_enabled": true,
            "custom_domain": [],
            "customer_managed_key": [],
            "edge_zone": "",
            "enable_https_traffic_only": true,
            "id": "/subscriptions/11cbddd0-a84b-45c3-b049-721a1be2e7e0/resourceGroups/testinc-tfstate-rg/providers/Microsoft.Storage/storageAccounts/testinctfo9pooooz",
            "identity": [],
            "infrastructure_encryption_enabled": false,
            "is_hns_enabled": false,
            "large_file_share_enabled": null,
            "location": "northeurope",
            "min_tls_version": "TLS1_2",
            "name": "testinctfo9pooooz",
            "network_rules": [
              {
                "bypass": [
                  "AzureServices"
                ],
                "default_action": "Allow",
                "ip_rules": [],
                "private_link_access": [],
                "virtual_network_subnet_ids": []
              }
            ],
            "nfsv3_enabled": false,
            "primary_access_key": "pFfKZf6Plav2bVYB04N4DPJgHm3tLHyPdVWP9tOBTKRLDOpjer3fIEsIfju1fWmAVJ4j/7cJWvEE+ASttT4JaA==",
            "primary_blob_connection_string": "DefaultEndpointsProtocol=https;BlobEndpoint=https://testinctfo9pooooz.blob.core.windows.net/;AccountName=testinctfo9pooooz;AccountKey=pFfKZf6Plav2bVYB04N4DPJgHm3tLHyPdVWP9tOBTKRLDOpjer3fIEsIfju1fWmAVJ4j/7cJWvEE+ASttT4JaA==",
            "primary_blob_endpoint": "https://testinctfo9pooooz.blob.core.windows.net/",
            "primary_blob_host": "testinctfo9pooooz.blob.core.windows.net",
            "primary_connection_string": "DefaultEndpointsProtocol=https;AccountName=testinctfo9pooooz;AccountKey=pFfKZf6Plav2bVYB04N4DPJgHm3tLHyPdVWP9tOBTKRLDOpjer3fIEsIfju1fWmAVJ4j/7cJWvEE+ASttT4JaA==;EndpointSuffix=core.windows.net",
            "primary_dfs_endpoint": "https://testinctfo9pooooz.dfs.core.windows.net/",
            "primary_dfs_host": "testinctfo9pooooz.dfs.core.windows.net",
            "primary_file_endpoint": "https://testinctfo9pooooz.file.core.windows.net/",
            "primary_file_host": "testinctfo9pooooz.file.core.windows.net",
            "primary_location": "northeurope",
            "primary_queue_endpoint": "https://testinctfo9pooooz.queue.core.windows.net/",
            "primary_queue_host": "testinctfo9pooooz.queue.core.windows.net",
            "primary_table_endpoint": "https://testinctfo9pooooz.table.core.windows.net/",
            "primary_table_host": "testinctfo9pooooz.table.core.windows.net",
            "primary_web_endpoint": "https://testinctfo9pooooz.z16.web.core.windows.net/",
            "primary_web_host": "testinctfo9pooooz.z16.web.core.windows.net",
            "queue_encryption_key_type": "Service",
            "queue_properties": [
              {
                "cors_rule": [],
                "hour_metrics": [
                  {
                    "enabled": true,
                    "include_apis": true,
                    "retention_policy_days": 7,
                    "version": "1.0"
                  }
                ],
                "logging": [
                  {
                    "delete": false,
                    "read": false,
                    "retention_policy_days": 0,
                    "version": "1.0",
                    "write": false
                  }
                ],
                "minute_metrics": [
                  {
                    "enabled": false,
                    "include_apis": false,
                    "retention_policy_days": 0,
                    "version": "1.0"
                  }
                ]
              }
            ],
            "resource_group_name": "testinc-tfstate-rg",
            "routing": [],
            "secondary_access_key": "QWl908mQGjxPZJZ574esl31iTtWGQ3B24D78pVls2dFyzBKEbKutfg7RaWcmTb0OkmeGbgwYGPAc+ASt13XA/A==",
            "secondary_blob_connection_string": "",
            "secondary_blob_endpoint": null,
            "secondary_blob_host": null,
            "secondary_connection_string": "DefaultEndpointsProtocol=https;AccountName=testinctfo9pooooz;AccountKey=QWl908mQGjxPZJZ574esl31iTtWGQ3B24D78pVls2dFyzBKEbKutfg7RaWcmTb0OkmeGbgwYGPAc+ASt13XA/A==;EndpointSuffix=core.windows.net",
            "secondary_dfs_endpoint": null,
            "secondary_dfs_host": null,
            "secondary_file_endpoint": null,
            "secondary_file_host": null,
            "secondary_location": "",
            "secondary_queue_endpoint": null,
            "secondary_queue_host": null,
            "secondary_table_endpoint": null,
            "secondary_table_host": null,
            "secondary_web_endpoint": null,
            "secondary_web_host": null,
            "share_properties": [
              {
                "cors_rule": [],
                "retention_policy": [
                  {
                    "days": 7
                  }
                ],
                "smb": []
              }
            ],
            "shared_access_key_enabled": true,
            "static_website": [],
            "table_encryption_key_type": "Service",
            "tags": {
              "environment": "Development"
            },
            "timeouts": null
          },
          "sensitive_attributes": [],
          "private": "eyJlMmJmYjczMC1lY2FhLTExZTYtOGY4OC0zNDM2M2JjN2M0YzAiOnsiY3JlYXRlIjozNjAwMDAwMDAwMDAwLCJkZWxldGUiOjM2MDAwMDAwMDAwMDAsInJlYWQiOjMwMDAwMDAwMDAwMCwidXBkYXRlIjozNjAwMDAwMDAwMDAwfSwic2NoZW1hX3ZlcnNpb24iOiIzIn0=",
          "dependencies": [
            "azurerm_resource_group.tfstate",
            "random_string.tf-name"
          ]
        }
      ]
    },
    {
      "mode": "managed",
      "type": "azurerm_storage_container",
      "name": "tfstate",
      "provider": "provider[\"registry.terraform.io/hashicorp/azurerm\"]",
      "instances": [
        {
          "schema_version": 1,
          "attributes": {
            "container_access_type": "private",
            "has_immutability_policy": false,
            "has_legal_hold": false,
            "id": "https://testinctfo9pooooz.blob.core.windows.net/core-tfstate",
            "metadata": {},
            "name": "core-tfstate",
            "resource_manager_id": "/subscriptions/11cbddd0-a84b-45c3-b049-721a1be2e7e0/resourceGroups/testinc-tfstate-rg/providers/Microsoft.Storage/storageAccounts/testinctfo9pooooz/blobServices/default/containers/core-tfstate",
            "storage_account_name": "testinctfo9pooooz",
            "timeouts": null
          },
          "sensitive_attributes": [],
          "private": "eyJlMmJmYjczMC1lY2FhLTExZTYtOGY4OC0zNDM2M2JjN2M0YzAiOnsiY3JlYXRlIjoxODAwMDAwMDAwMDAwLCJkZWxldGUiOjE4MDAwMDAwMDAwMDAsInJlYWQiOjMwMDAwMDAwMDAwMCwidXBkYXRlIjoxODAwMDAwMDAwMDAwfSwic2NoZW1hX3ZlcnNpb24iOiIxIn0=",
          "dependencies": [
            "azurerm_resource_group.tfstate",
            "azurerm_storage_account.tfstate",
            "random_string.tf-name"
          ]
        }
      ]
    },
    {
      "mode": "managed",
      "type": "azurerm_windows_web_app",
      "name": "dev",
      "provider": "provider[\"registry.terraform.io/hashicorp/azurerm\"]",
      "instances": [
        {
          "schema_version": 0,
          "attributes": {
            "app_settings": {},
            "auth_settings": [
              {
                "active_directory": [],
                "additional_login_parameters": {},
                "allowed_external_redirect_urls": [],
                "default_provider": "",
                "enabled": false,
                "facebook": [],
                "github": [],
                "google": [],
                "issuer": "",
                "microsoft": [],
                "runtime_version": "",
                "token_refresh_extension_hours": 0,
                "token_store_enabled": false,
                "twitter": [],
                "unauthenticated_client_action": ""
              }
            ],
            "backup": [],
            "client_affinity_enabled": false,
            "client_certificate_enabled": false,
            "client_certificate_mode": "Required",
            "connection_string": [],
            "custom_domain_verification_id": "B75457D3E710429C1D26B0D18168794ED96C3D76644EFBEAFDABB16EF608ADC6",
            "default_hostname": "development-web-app.azurewebsites.net",
            "enabled": true,
            "https_only": false,
            "id": "/subscriptions/11cbddd0-a84b-45c3-b049-721a1be2e7e0/resourceGroups/development-rg/providers/Microsoft.Web/sites/development-web-app",
            "identity": [],
            "key_vault_reference_identity_id": "SystemAssigned",
            "kind": "app",
            "location": "northeurope",
            "logs": [],
            "name": "development-web-app",
            "outbound_ip_address_list": [
              "20.54.39.238",
              "20.54.39.255",
              "52.236.8.16",
              "52.236.8.30",
              "20.191.50.198",
              "52.236.8.51",
              "20.50.64.19"
            ],
            "outbound_ip_addresses": "20.54.39.238,20.54.39.255,52.236.8.16,52.236.8.30,20.191.50.198,52.236.8.51,20.50.64.19",
            "possible_outbound_ip_address_list": [
              "20.54.39.238",
              "20.54.39.255",
              "52.236.8.16",
              "52.236.8.30",
              "20.191.50.198",
              "52.236.8.51",
              "52.236.8.114",
              "52.236.8.130",
              "52.236.8.215",
              "52.236.8.219",
              "20.191.49.127",
              "52.236.8.230",
              "52.236.9.12",
              "52.236.9.17",
              "52.236.9.70",
              "52.236.9.106",
              "52.236.9.138",
              "52.236.9.145",
              "20.191.48.91",
              "52.236.9.150",
              "52.236.9.165",
              "52.236.9.176",
              "52.236.9.205",
              "20.54.39.218",
              "52.236.9.218",
              "52.236.8.182",
              "52.236.8.121",
              "52.236.9.220",
              "52.236.10.61",
              "52.236.10.64",
              "20.50.64.19"
            ],
            "possible_outbound_ip_addresses": "20.54.39.238,20.54.39.255,52.236.8.16,52.236.8.30,20.191.50.198,52.236.8.51,52.236.8.114,52.236.8.130,52.236.8.215,52.236.8.219,20.191.49.127,52.236.8.230,52.236.9.12,52.236.9.17,52.236.9.70,52.236.9.106,52.236.9.138,52.236.9.145,20.191.48.91,52.236.9.150,52.236.9.165,52.236.9.176,52.236.9.205,20.54.39.218,52.236.9.218,52.236.8.182,52.236.8.121,52.236.9.220,52.236.10.61,52.236.10.64,20.50.64.19",
            "resource_group_name": "development-rg",
            "service_plan_id": "/subscriptions/11cbddd0-a84b-45c3-b049-721a1be2e7e0/resourceGroups/development-rg/providers/Microsoft.Web/serverfarms/development-sp",
            "site_config": [
              {
                "always_on": false,
                "api_definition_url": "",
                "api_management_api_id": "",
                "app_command_line": "",
                "application_stack": [
                  {
                    "current_stack": "",
                    "docker_container_name": "",
                    "docker_container_registry": "",
                    "docker_container_tag": "",
                    "dotnet_version": "v4.0",
                    "java_container": "",
                    "java_container_version": "",
                    "java_version": "",
                    "node_version": "",
                    "php_version": "5.6",
                    "python_version": ""
                  }
                ],
                "auto_heal_enabled": false,
                "auto_heal_setting": [],
                "container_registry_managed_identity_client_id": "",
                "container_registry_use_managed_identity": false,
                "cors": [],
                "default_documents": [
                  "Default.htm",
                  "Default.html",
                  "Default.asp",
                  "index.htm",
                  "index.html",
                  "iisstart.htm",
                  "default.aspx",
                  "index.php",
                  "hostingstart.html"
                ],
                "detailed_error_logging_enabled": false,
                "ftps_state": "Disabled",
                "health_check_eviction_time_in_min": 0,
                "health_check_path": "",
                "http2_enabled": false,
                "ip_restriction": [],
                "linux_fx_version": "",
                "load_balancing_mode": "LeastRequests",
                "local_mysql_enabled": false,
                "managed_pipeline_mode": "Integrated",
                "minimum_tls_version": "1.2",
                "remote_debugging_enabled": false,
                "remote_debugging_version": "VS2019",
                "scm_ip_restriction": [],
                "scm_minimum_tls_version": "1.2",
                "scm_type": "VSTSRM",
                "scm_use_main_ip_restriction": false,
                "use_32_bit_worker": true,
                "virtual_application": [],
                "vnet_route_all_enabled": false,
                "websockets_enabled": false,
                "windows_fx_version": "",
                "worker_count": 1
              }
            ],
            "site_credential": [
              {
                "name": "$development-web-app",
                "password": "aNMKhivlxx56ll3lSMiCKrfAEXu3fAvltvohXxsu0kf2ypLEQaDNQDL0hWGG"
              }
            ],
            "sticky_settings": [],
            "storage_account": [],
            "tags": {},
            "timeouts": null,
            "virtual_network_subnet_id": "",
            "zip_deploy_file": ""
          },
          "sensitive_attributes": [],
          "private": "eyJlMmJmYjczMC1lY2FhLTExZTYtOGY4OC0zNDM2M2JjN2M0YzAiOnsiY3JlYXRlIjoxODAwMDAwMDAwMDAwLCJkZWxldGUiOjE4MDAwMDAwMDAwMDAsInJlYWQiOjMwMDAwMDAwMDAwMCwidXBkYXRlIjoxODAwMDAwMDAwMDAwfX0=",
          "dependencies": [
            "azurerm_resource_group.dev",
            "azurerm_service_plan.dev"
          ]
        }
      ]
    },
    {
      "mode": "managed",
      "type": "random_string",
      "name": "tf-name",
      "provider": "provider[\"registry.terraform.io/hashicorp/random\"]",
      "instances": [
        {
          "schema_version": 2,
          "attributes": {
            "id": "o9pooooz",
            "keepers": null,
            "length": 8,
            "lower": true,
            "min_lower": 0,
            "min_numeric": 0,
            "min_special": 0,
            "min_upper": 0,
            "number": true,
            "numeric": true,
            "override_special": null,
            "result": "o9pooooz",
            "special": false,
            "upper": false
          },
          "sensitive_attributes": [],
          "private": "eyJzY2hlbWFfdmVyc2lvbiI6IjIifQ=="
        }
      ]
    }
  ]
}
